
Microsoft Visual Studio Solution File, Format Version 12.00
# Visual Studio 2013
VisualStudioVersion = 12.0.31101.0
MinimumVisualStudioVersion = 10.0.40219.1
Project("{8BC9CEB8-8B4A-11D0-8D11-00A0C91BC942}") = "CPP_Base", "CPP_Base\CPP_Base.vcxproj", "{4E8CA71F-BE3B-417F-825D-6BFF49EDA99D}"
EndProject
Project("{8BC9CEB8-8B4A-11D0-8D11-00A0C91BC942}") = "String", "String\String.vcxproj", "{69B2C9D9-1D10-4887-8E79-BE740F3D09E9}"
EndProject
Project("{8BC9CEB8-8B4A-11D0-8D11-00A0C91BC942}") = "Misc", "Misc\Misc.vcxproj", "{4CE3804B-4FE0-426A-BD68-768BF74E8AFC}"
EndProject
Global
	GlobalSection(SolutionConfigurationPlatforms) = preSolution
		Debug|Win32 = Debug|Win32
		Release|Win32 = Release|Win32
	EndGlobalSection
	GlobalSection(ProjectConfigurationPlatforms) = postSolution
		{4E8CA71F-BE3B-417F-825D-6BFF49EDA99D}.Debug|Win32.ActiveCfg = Debug|Win32
		{4E8CA71F-BE3B-417F-825D-6BFF49EDA99D}.Debug|Win32.Build.0 = Debug|Win32
		{4E8CA71F-BE3B-417F-825D-6BFF49EDA99D}.Release|Win32.ActiveCfg = Release|Win32
		{4E8CA71F-BE3B-417F-825D-6BFF49EDA99D}.Release|Win32.Build.0 = Release|Win32
		{69B2C9D9-1D10-4887-8E79-BE740F3D09E9}.Debug|Win32.ActiveCfg = Debug|Win32
		{69B2C9D9-1D10-4887-8E79-BE740F3D09E9}.Debug|Win32.Build.0 = Debug|Win32
		{69B2C9D9-1D10-4887-8E79-BE740F3D09E9}.Release|Win32.ActiveCfg = Release|Win32
		{69B2C9D9-1D10-4887-8E79-BE740F3D09E9}.Release|Win32.Build.0 = Release|Win32
		{4CE3804B-4FE0-426A-BD68-768BF74E8AFC}.Debug|Win32.ActiveCfg = Debug|Win32
		{4CE3804B-4FE0-426A-BD68-768BF74E8AFC}.Debug|Win32.Build.0 = Debug|Win32
		{4CE3804B-4FE0-426A-BD68-768BF74E8AFC}.Release|Win32.ActiveCfg = Release|Win32
		{4CE3804B-4FE0-426A-BD68-768BF74E8AFC}.Release|Win32.Build.0 = Release|Win32
	EndGlobalSection
	GlobalSection(SolutionProperties) = preSolution
		HideSolutionNode = FALSE
	EndGlobalSection
EndGlobal
