
Microsoft Visual Studio Solution File, Format Version 12.00
# Visual Studio 2013
VisualStudioVersion = 12.0.31101.0
MinimumVisualStudioVersion = 10.0.40219.1
Project("{8BC9CEB8-8B4A-11D0-8D11-00A0C91BC942}") = "Array", "Array\Array.vcxproj", "{DD395702-7A6D-4AB3-97DA-B5745881DDE2}"
EndProject
Project("{8BC9CEB8-8B4A-11D0-8D11-00A0C91BC942}") = "SelfString", "SelfString\SelfString.vcxproj", "{900BCE73-613A-4B60-8196-4921F0E15148}"
EndProject
Global
	GlobalSection(SolutionConfigurationPlatforms) = preSolution
		Debug|Win32 = Debug|Win32
		Debug|x64 = Debug|x64
		Release|Win32 = Release|Win32
		Release|x64 = Release|x64
	EndGlobalSection
	GlobalSection(ProjectConfigurationPlatforms) = postSolution
		{DD395702-7A6D-4AB3-97DA-B5745881DDE2}.Debug|Win32.ActiveCfg = Debug|Win32
		{DD395702-7A6D-4AB3-97DA-B5745881DDE2}.Debug|Win32.Build.0 = Debug|Win32
		{DD395702-7A6D-4AB3-97DA-B5745881DDE2}.Debug|x64.ActiveCfg = Debug|x64
		{DD395702-7A6D-4AB3-97DA-B5745881DDE2}.Debug|x64.Build.0 = Debug|x64
		{DD395702-7A6D-4AB3-97DA-B5745881DDE2}.Release|Win32.ActiveCfg = Release|Win32
		{DD395702-7A6D-4AB3-97DA-B5745881DDE2}.Release|Win32.Build.0 = Release|Win32
		{DD395702-7A6D-4AB3-97DA-B5745881DDE2}.Release|x64.ActiveCfg = Release|x64
		{DD395702-7A6D-4AB3-97DA-B5745881DDE2}.Release|x64.Build.0 = Release|x64
		{900BCE73-613A-4B60-8196-4921F0E15148}.Debug|Win32.ActiveCfg = Debug|Win32
		{900BCE73-613A-4B60-8196-4921F0E15148}.Debug|Win32.Build.0 = Debug|Win32
		{900BCE73-613A-4B60-8196-4921F0E15148}.Debug|x64.ActiveCfg = Debug|x64
		{900BCE73-613A-4B60-8196-4921F0E15148}.Debug|x64.Build.0 = Debug|x64
		{900BCE73-613A-4B60-8196-4921F0E15148}.Release|Win32.ActiveCfg = Release|Win32
		{900BCE73-613A-4B60-8196-4921F0E15148}.Release|Win32.Build.0 = Release|Win32
		{900BCE73-613A-4B60-8196-4921F0E15148}.Release|x64.ActiveCfg = Release|x64
		{900BCE73-613A-4B60-8196-4921F0E15148}.Release|x64.Build.0 = Release|x64
	EndGlobalSection
	GlobalSection(SolutionProperties) = preSolution
		HideSolutionNode = FALSE
	EndGlobalSection
EndGlobal
