
Microsoft Visual Studio Solution File, Format Version 12.00
# Visual Studio 2013
VisualStudioVersion = 12.0.31101.0
MinimumVisualStudioVersion = 10.0.40219.1
Project("{8BC9CEB8-8B4A-11D0-8D11-00A0C91BC942}") = "Array", "Array\Array.vcxproj", "{DD395702-7A6D-4AB3-97DA-B5745881DDE2}"
EndProject
Project("{8BC9CEB8-8B4A-11D0-8D11-00A0C91BC942}") = "SelfString", "SelfString\SelfString.vcxproj", "{900BCE73-613A-4B60-8196-4921F0E15148}"
EndProject
Project("{8BC9CEB8-8B4A-11D0-8D11-00A0C91BC942}") = "LinkedList", "LinkedList\LinkedList.vcxproj", "{81B052A7-8996-4B89-ADB9-90D49C3ADAC9}"
EndProject
Project("{8BC9CEB8-8B4A-11D0-8D11-00A0C91BC942}") = "Greedy", "Greedy\Greedy.vcxproj", "{442EDE98-2EBB-4E38-9726-00F75553CF03}"
EndProject
Project("{8BC9CEB8-8B4A-11D0-8D11-00A0C91BC942}") = "Math", "Math\Math.vcxproj", "{BBFEB2E9-36C3-4A12-AAAF-FD98DF2C5E08}"
EndProject
Project("{8BC9CEB8-8B4A-11D0-8D11-00A0C91BC942}") = "Tree", "Tree\Tree.vcxproj", "{D127BA73-31CC-4CC0-98F0-DFE049590CC2}"
EndProject
Project("{8BC9CEB8-8B4A-11D0-8D11-00A0C91BC942}") = "BackTracking", "BackTracking\BackTracking.vcxproj", "{51F9C27F-54AD-472E-9F46-B26E58253BCA}"
EndProject
Project("{8BC9CEB8-8B4A-11D0-8D11-00A0C91BC942}") = "BitManipunation", "BitManipunation\BitManipunation.vcxproj", "{93237B8C-D835-4D63-B2FD-5623B68E1735}"
EndProject
Project("{8BC9CEB8-8B4A-11D0-8D11-00A0C91BC942}") = "DynamicProgramming", "DynamicProgramming\DynamicProgramming.vcxproj", "{F58D080D-62E6-4FEF-8CC2-6418E9F6F9C7}"
EndProject
Project("{8BC9CEB8-8B4A-11D0-8D11-00A0C91BC942}") = "Sort", "Sort\Sort.vcxproj", "{587FC405-1075-4A36-9E0E-D1CAFB2A063D}"
EndProject
Project("{8BC9CEB8-8B4A-11D0-8D11-00A0C91BC942}") = "BinTree", "BinTree\BinTree.vcxproj", "{09184C29-B5DA-46E0-868A-1E404807E2EA}"
EndProject
Global
	GlobalSection(SolutionConfigurationPlatforms) = preSolution
		Debug|Mixed Platforms = Debug|Mixed Platforms
		Debug|Win32 = Debug|Win32
		Debug|x64 = Debug|x64
		Release|Mixed Platforms = Release|Mixed Platforms
		Release|Win32 = Release|Win32
		Release|x64 = Release|x64
	EndGlobalSection
	GlobalSection(ProjectConfigurationPlatforms) = postSolution
		{DD395702-7A6D-4AB3-97DA-B5745881DDE2}.Debug|Mixed Platforms.ActiveCfg = Debug|Win32
		{DD395702-7A6D-4AB3-97DA-B5745881DDE2}.Debug|Mixed Platforms.Build.0 = Debug|Win32
		{DD395702-7A6D-4AB3-97DA-B5745881DDE2}.Debug|Win32.ActiveCfg = Debug|Win32
		{DD395702-7A6D-4AB3-97DA-B5745881DDE2}.Debug|Win32.Build.0 = Debug|Win32
		{DD395702-7A6D-4AB3-97DA-B5745881DDE2}.Debug|x64.ActiveCfg = Debug|x64
		{DD395702-7A6D-4AB3-97DA-B5745881DDE2}.Debug|x64.Build.0 = Debug|x64
		{DD395702-7A6D-4AB3-97DA-B5745881DDE2}.Release|Mixed Platforms.ActiveCfg = Release|Win32
		{DD395702-7A6D-4AB3-97DA-B5745881DDE2}.Release|Mixed Platforms.Build.0 = Release|Win32
		{DD395702-7A6D-4AB3-97DA-B5745881DDE2}.Release|Win32.ActiveCfg = Release|Win32
		{DD395702-7A6D-4AB3-97DA-B5745881DDE2}.Release|Win32.Build.0 = Release|Win32
		{DD395702-7A6D-4AB3-97DA-B5745881DDE2}.Release|x64.ActiveCfg = Release|x64
		{DD395702-7A6D-4AB3-97DA-B5745881DDE2}.Release|x64.Build.0 = Release|x64
		{900BCE73-613A-4B60-8196-4921F0E15148}.Debug|Mixed Platforms.ActiveCfg = Debug|Win32
		{900BCE73-613A-4B60-8196-4921F0E15148}.Debug|Mixed Platforms.Build.0 = Debug|Win32
		{900BCE73-613A-4B60-8196-4921F0E15148}.Debug|Win32.ActiveCfg = Debug|Win32
		{900BCE73-613A-4B60-8196-4921F0E15148}.Debug|Win32.Build.0 = Debug|Win32
		{900BCE73-613A-4B60-8196-4921F0E15148}.Debug|x64.ActiveCfg = Debug|x64
		{900BCE73-613A-4B60-8196-4921F0E15148}.Debug|x64.Build.0 = Debug|x64
		{900BCE73-613A-4B60-8196-4921F0E15148}.Release|Mixed Platforms.ActiveCfg = Release|Win32
		{900BCE73-613A-4B60-8196-4921F0E15148}.Release|Mixed Platforms.Build.0 = Release|Win32
		{900BCE73-613A-4B60-8196-4921F0E15148}.Release|Win32.ActiveCfg = Release|Win32
		{900BCE73-613A-4B60-8196-4921F0E15148}.Release|Win32.Build.0 = Release|Win32
		{900BCE73-613A-4B60-8196-4921F0E15148}.Release|x64.ActiveCfg = Release|x64
		{900BCE73-613A-4B60-8196-4921F0E15148}.Release|x64.Build.0 = Release|x64
		{81B052A7-8996-4B89-ADB9-90D49C3ADAC9}.Debug|Mixed Platforms.ActiveCfg = Debug|Win32
		{81B052A7-8996-4B89-ADB9-90D49C3ADAC9}.Debug|Mixed Platforms.Build.0 = Debug|Win32
		{81B052A7-8996-4B89-ADB9-90D49C3ADAC9}.Debug|Win32.ActiveCfg = Debug|Win32
		{81B052A7-8996-4B89-ADB9-90D49C3ADAC9}.Debug|Win32.Build.0 = Debug|Win32
		{81B052A7-8996-4B89-ADB9-90D49C3ADAC9}.Debug|x64.ActiveCfg = Debug|Win32
		{81B052A7-8996-4B89-ADB9-90D49C3ADAC9}.Release|Mixed Platforms.ActiveCfg = Release|Win32
		{81B052A7-8996-4B89-ADB9-90D49C3ADAC9}.Release|Mixed Platforms.Build.0 = Release|Win32
		{81B052A7-8996-4B89-ADB9-90D49C3ADAC9}.Release|Win32.ActiveCfg = Release|Win32
		{81B052A7-8996-4B89-ADB9-90D49C3ADAC9}.Release|Win32.Build.0 = Release|Win32
		{81B052A7-8996-4B89-ADB9-90D49C3ADAC9}.Release|x64.ActiveCfg = Release|Win32
		{442EDE98-2EBB-4E38-9726-00F75553CF03}.Debug|Mixed Platforms.ActiveCfg = Debug|Win32
		{442EDE98-2EBB-4E38-9726-00F75553CF03}.Debug|Mixed Platforms.Build.0 = Debug|Win32
		{442EDE98-2EBB-4E38-9726-00F75553CF03}.Debug|Win32.ActiveCfg = Debug|Win32
		{442EDE98-2EBB-4E38-9726-00F75553CF03}.Debug|Win32.Build.0 = Debug|Win32
		{442EDE98-2EBB-4E38-9726-00F75553CF03}.Debug|x64.ActiveCfg = Debug|Win32
		{442EDE98-2EBB-4E38-9726-00F75553CF03}.Release|Mixed Platforms.ActiveCfg = Release|Win32
		{442EDE98-2EBB-4E38-9726-00F75553CF03}.Release|Mixed Platforms.Build.0 = Release|Win32
		{442EDE98-2EBB-4E38-9726-00F75553CF03}.Release|Win32.ActiveCfg = Release|Win32
		{442EDE98-2EBB-4E38-9726-00F75553CF03}.Release|Win32.Build.0 = Release|Win32
		{442EDE98-2EBB-4E38-9726-00F75553CF03}.Release|x64.ActiveCfg = Release|Win32
		{BBFEB2E9-36C3-4A12-AAAF-FD98DF2C5E08}.Debug|Mixed Platforms.ActiveCfg = Debug|Win32
		{BBFEB2E9-36C3-4A12-AAAF-FD98DF2C5E08}.Debug|Mixed Platforms.Build.0 = Debug|Win32
		{BBFEB2E9-36C3-4A12-AAAF-FD98DF2C5E08}.Debug|Win32.ActiveCfg = Debug|Win32
		{BBFEB2E9-36C3-4A12-AAAF-FD98DF2C5E08}.Debug|Win32.Build.0 = Debug|Win32
		{BBFEB2E9-36C3-4A12-AAAF-FD98DF2C5E08}.Debug|x64.ActiveCfg = Debug|Win32
		{BBFEB2E9-36C3-4A12-AAAF-FD98DF2C5E08}.Release|Mixed Platforms.ActiveCfg = Release|Win32
		{BBFEB2E9-36C3-4A12-AAAF-FD98DF2C5E08}.Release|Mixed Platforms.Build.0 = Release|Win32
		{BBFEB2E9-36C3-4A12-AAAF-FD98DF2C5E08}.Release|Win32.ActiveCfg = Release|Win32
		{BBFEB2E9-36C3-4A12-AAAF-FD98DF2C5E08}.Release|Win32.Build.0 = Release|Win32
		{BBFEB2E9-36C3-4A12-AAAF-FD98DF2C5E08}.Release|x64.ActiveCfg = Release|Win32
		{D127BA73-31CC-4CC0-98F0-DFE049590CC2}.Debug|Mixed Platforms.ActiveCfg = Debug|Win32
		{D127BA73-31CC-4CC0-98F0-DFE049590CC2}.Debug|Mixed Platforms.Build.0 = Debug|Win32
		{D127BA73-31CC-4CC0-98F0-DFE049590CC2}.Debug|Win32.ActiveCfg = Debug|Win32
		{D127BA73-31CC-4CC0-98F0-DFE049590CC2}.Debug|Win32.Build.0 = Debug|Win32
		{D127BA73-31CC-4CC0-98F0-DFE049590CC2}.Debug|x64.ActiveCfg = Debug|Win32
		{D127BA73-31CC-4CC0-98F0-DFE049590CC2}.Release|Mixed Platforms.ActiveCfg = Release|Win32
		{D127BA73-31CC-4CC0-98F0-DFE049590CC2}.Release|Mixed Platforms.Build.0 = Release|Win32
		{D127BA73-31CC-4CC0-98F0-DFE049590CC2}.Release|Win32.ActiveCfg = Release|Win32
		{D127BA73-31CC-4CC0-98F0-DFE049590CC2}.Release|Win32.Build.0 = Release|Win32
		{D127BA73-31CC-4CC0-98F0-DFE049590CC2}.Release|x64.ActiveCfg = Release|Win32
		{51F9C27F-54AD-472E-9F46-B26E58253BCA}.Debug|Mixed Platforms.ActiveCfg = Debug|Win32
		{51F9C27F-54AD-472E-9F46-B26E58253BCA}.Debug|Mixed Platforms.Build.0 = Debug|Win32
		{51F9C27F-54AD-472E-9F46-B26E58253BCA}.Debug|Win32.ActiveCfg = Debug|Win32
		{51F9C27F-54AD-472E-9F46-B26E58253BCA}.Debug|Win32.Build.0 = Debug|Win32
		{51F9C27F-54AD-472E-9F46-B26E58253BCA}.Debug|x64.ActiveCfg = Debug|Win32
		{51F9C27F-54AD-472E-9F46-B26E58253BCA}.Release|Mixed Platforms.ActiveCfg = Release|Win32
		{51F9C27F-54AD-472E-9F46-B26E58253BCA}.Release|Mixed Platforms.Build.0 = Release|Win32
		{51F9C27F-54AD-472E-9F46-B26E58253BCA}.Release|Win32.ActiveCfg = Release|Win32
		{51F9C27F-54AD-472E-9F46-B26E58253BCA}.Release|Win32.Build.0 = Release|Win32
		{51F9C27F-54AD-472E-9F46-B26E58253BCA}.Release|x64.ActiveCfg = Release|Win32
		{93237B8C-D835-4D63-B2FD-5623B68E1735}.Debug|Mixed Platforms.ActiveCfg = Debug|Win32
		{93237B8C-D835-4D63-B2FD-5623B68E1735}.Debug|Mixed Platforms.Build.0 = Debug|Win32
		{93237B8C-D835-4D63-B2FD-5623B68E1735}.Debug|Win32.ActiveCfg = Debug|Win32
		{93237B8C-D835-4D63-B2FD-5623B68E1735}.Debug|Win32.Build.0 = Debug|Win32
		{93237B8C-D835-4D63-B2FD-5623B68E1735}.Debug|x64.ActiveCfg = Debug|Win32
		{93237B8C-D835-4D63-B2FD-5623B68E1735}.Release|Mixed Platforms.ActiveCfg = Release|Win32
		{93237B8C-D835-4D63-B2FD-5623B68E1735}.Release|Mixed Platforms.Build.0 = Release|Win32
		{93237B8C-D835-4D63-B2FD-5623B68E1735}.Release|Win32.ActiveCfg = Release|Win32
		{93237B8C-D835-4D63-B2FD-5623B68E1735}.Release|Win32.Build.0 = Release|Win32
		{93237B8C-D835-4D63-B2FD-5623B68E1735}.Release|x64.ActiveCfg = Release|Win32
		{F58D080D-62E6-4FEF-8CC2-6418E9F6F9C7}.Debug|Mixed Platforms.ActiveCfg = Debug|Win32
		{F58D080D-62E6-4FEF-8CC2-6418E9F6F9C7}.Debug|Mixed Platforms.Build.0 = Debug|Win32
		{F58D080D-62E6-4FEF-8CC2-6418E9F6F9C7}.Debug|Win32.ActiveCfg = Debug|Win32
		{F58D080D-62E6-4FEF-8CC2-6418E9F6F9C7}.Debug|Win32.Build.0 = Debug|Win32
		{F58D080D-62E6-4FEF-8CC2-6418E9F6F9C7}.Debug|x64.ActiveCfg = Debug|Win32
		{F58D080D-62E6-4FEF-8CC2-6418E9F6F9C7}.Release|Mixed Platforms.ActiveCfg = Release|Win32
		{F58D080D-62E6-4FEF-8CC2-6418E9F6F9C7}.Release|Mixed Platforms.Build.0 = Release|Win32
		{F58D080D-62E6-4FEF-8CC2-6418E9F6F9C7}.Release|Win32.ActiveCfg = Release|Win32
		{F58D080D-62E6-4FEF-8CC2-6418E9F6F9C7}.Release|Win32.Build.0 = Release|Win32
		{F58D080D-62E6-4FEF-8CC2-6418E9F6F9C7}.Release|x64.ActiveCfg = Release|Win32
		{587FC405-1075-4A36-9E0E-D1CAFB2A063D}.Debug|Mixed Platforms.ActiveCfg = Debug|Win32
		{587FC405-1075-4A36-9E0E-D1CAFB2A063D}.Debug|Mixed Platforms.Build.0 = Debug|Win32
		{587FC405-1075-4A36-9E0E-D1CAFB2A063D}.Debug|Win32.ActiveCfg = Debug|Win32
		{587FC405-1075-4A36-9E0E-D1CAFB2A063D}.Debug|Win32.Build.0 = Debug|Win32
		{587FC405-1075-4A36-9E0E-D1CAFB2A063D}.Debug|x64.ActiveCfg = Debug|Win32
		{587FC405-1075-4A36-9E0E-D1CAFB2A063D}.Release|Mixed Platforms.ActiveCfg = Release|Win32
		{587FC405-1075-4A36-9E0E-D1CAFB2A063D}.Release|Mixed Platforms.Build.0 = Release|Win32
		{587FC405-1075-4A36-9E0E-D1CAFB2A063D}.Release|Win32.ActiveCfg = Release|Win32
		{587FC405-1075-4A36-9E0E-D1CAFB2A063D}.Release|Win32.Build.0 = Release|Win32
		{587FC405-1075-4A36-9E0E-D1CAFB2A063D}.Release|x64.ActiveCfg = Release|Win32
		{09184C29-B5DA-46E0-868A-1E404807E2EA}.Debug|Mixed Platforms.ActiveCfg = Debug|Win32
		{09184C29-B5DA-46E0-868A-1E404807E2EA}.Debug|Mixed Platforms.Build.0 = Debug|Win32
		{09184C29-B5DA-46E0-868A-1E404807E2EA}.Debug|Win32.ActiveCfg = Debug|Win32
		{09184C29-B5DA-46E0-868A-1E404807E2EA}.Debug|Win32.Build.0 = Debug|Win32
		{09184C29-B5DA-46E0-868A-1E404807E2EA}.Debug|x64.ActiveCfg = Debug|Win32
		{09184C29-B5DA-46E0-868A-1E404807E2EA}.Release|Mixed Platforms.ActiveCfg = Release|Win32
		{09184C29-B5DA-46E0-868A-1E404807E2EA}.Release|Mixed Platforms.Build.0 = Release|Win32
		{09184C29-B5DA-46E0-868A-1E404807E2EA}.Release|Win32.ActiveCfg = Release|Win32
		{09184C29-B5DA-46E0-868A-1E404807E2EA}.Release|Win32.Build.0 = Release|Win32
		{09184C29-B5DA-46E0-868A-1E404807E2EA}.Release|x64.ActiveCfg = Release|Win32
	EndGlobalSection
	GlobalSection(SolutionProperties) = preSolution
		HideSolutionNode = FALSE
	EndGlobalSection
EndGlobal
